{
  "object": {
    "pins": [
      {
        "package": "Dyno",
        "repositoryURL": "https://github.com/jrsonline/Dyno.git",
        "state": {
          "branch": "master",
          "revision": "c3fb3f7a67e8d4e761b3571723063b2a0c020b4c",
          "version": null
        }
      },
      {
        "package": "StrictlySwiftLib",
        "repositoryURL": "https://github.com/jrsonline/StrictlySwiftLib.git",
        "state": {
          "branch": "master",
          "revision": "34465e6c4f4ca5b76ddbc4baa8d3ebe43b87d11d",
          "version": null
        }
      },
      {
        "package": "StrictlySwiftTestLib",
        "repositoryURL": "https://github.com/jrsonline/StrictlySwiftTestLib.git",
        "state": {
          "branch": "master",
          "revision": "a302b9e3b0da657e89bcdb4d3ba1ce674dc62aaa",
          "version": null
        }
      }
    ]
  },
  "version": 1
}
